{
  "name": "qiao-z-user",
  "version": "3.0.6",
  "lockfileVersion": 3,
  "requires": true,
  "packages": {
    "": {
      "name": "qiao-z-user",
      "version": "3.0.6",
      "license": "MIT",
      "dependencies": {
        "qiao-encode": "^3.1.4"
      }
    },
    "node_modules/qiao-encode": {
      "version": "3.1.4",
      "resolved": "https://registry.npmjs.org/qiao-encode/-/qiao-encode-3.1.4.tgz",
      "integrity": "sha512-as6KKB53CQKxbKLuwL3DJJ4sRoeTAvEEglvO/YcxJ/EYvASxM8RCWL3sgMFSni3106qREQzzrtW/g3cSkA11ng==",
      "dependencies": {
        "uuid": "^9.0.0"
      }
    },
    "node_modules/uuid": {
      "version": "9.0.0",
      "resolved": "https://registry.npmjs.org/uuid/-/uuid-9.0.0.tgz",
      "integrity": "sha512-MXcSTerfPa4uqyzStbRoTgt5XIe3x5+42+q1sDuy3R5MDk66URdLMOZe5aPX/SQd+kuYAh0FdP/pO28IkQyTeg==",
      "bin": {
        "uuid": "dist/bin/uuid"
      }
    }
  }
}
