{
  "name": "qiao-z-user",
  "version": "0.5.4",
  "lockfileVersion": 3,
  "requires": true,
  "packages": {
    "": {
      "name": "qiao-z-user",
      "version": "0.5.4",
      "license": "MIT",
      "dependencies": {
        "qiao-encode": "^1.0.6"
      }
    },
    "node_modules/qiao-encode": {
      "version": "1.0.6",
      "resolved": "https://registry.npmjs.org/qiao-encode/-/qiao-encode-1.0.6.tgz",
      "integrity": "sha512-BTPnIKYkh+rX847b6fW6sw2N7eaoCtJIEYl1jIYvFsoIi/xI5qUI9cZQpzPDgzutxcOVqrfK0A2k2s4gmWdllA==",
      "dependencies": {
        "uuid": "^9.0.0"
      }
    },
    "node_modules/uuid": {
      "version": "9.0.0",
      "resolved": "https://registry.npmjs.org/uuid/-/uuid-9.0.0.tgz",
      "integrity": "sha512-MXcSTerfPa4uqyzStbRoTgt5XIe3x5+42+q1sDuy3R5MDk66URdLMOZe5aPX/SQd+kuYAh0FdP/pO28IkQyTeg==",
      "bin": {
        "uuid": "dist/bin/uuid"
      }
    }
  }
}
