{
  "name": "qiao-z-user",
  "version": "3.0.8",
  "lockfileVersion": 3,
  "requires": true,
  "packages": {
    "": {
      "name": "qiao-z-user",
      "version": "3.0.8",
      "license": "MIT",
      "dependencies": {
        "qiao-encode": "^3.1.8"
      }
    },
    "node_modules/qiao-encode": {
      "version": "3.1.8",
      "resolved": "https://registry.npmjs.org/qiao-encode/-/qiao-encode-3.1.8.tgz",
      "integrity": "sha512-cNbjKm1KmUvs7cg64lXxa4vuKeeYh0P++ApLuQWBCaiWJwn35/3yhuG+BE1brr483t3rQ67ubl8DxVej/uSDXg==",
      "dependencies": {
        "uuid": "^9.0.0"
      }
    },
    "node_modules/uuid": {
      "version": "9.0.0",
      "resolved": "https://registry.npmjs.org/uuid/-/uuid-9.0.0.tgz",
      "integrity": "sha512-MXcSTerfPa4uqyzStbRoTgt5XIe3x5+42+q1sDuy3R5MDk66URdLMOZe5aPX/SQd+kuYAh0FdP/pO28IkQyTeg==",
      "bin": {
        "uuid": "dist/bin/uuid"
      }
    }
  }
}
